
Microsoft Visual Studio Solution File, Format Version 12.00
# Visual Studio Version 18
VisualStudioVersion = 18.0.11109.219 d18.0-oob
MinimumVisualStudioVersion = 10.0.40219.1
Project("{FAE04EC0-301F-11D3-BF4B-00C04F79EFBC}") = "Telefonbuch", "WpfApp1\Telefonbuch.csproj", "{2D37288D-622A-4B7D-A0DA-A90B812E4A8A}"
EndProject
Global
	GlobalSection(SolutionConfigurationPlatforms) = preSolution
		Debug|Any CPU = Debug|Any CPU
		Release|Any CPU = Release|Any CPU
	EndGlobalSection
	GlobalSection(ProjectConfigurationPlatforms) = postSolution
		{2D37288D-622A-4B7D-A0DA-A90B812E4A8A}.Debug|Any CPU.ActiveCfg = Debug|Any CPU
		{2D37288D-622A-4B7D-A0DA-A90B812E4A8A}.Debug|Any CPU.Build.0 = Debug|Any CPU
		{2D37288D-622A-4B7D-A0DA-A90B812E4A8A}.Release|Any CPU.ActiveCfg = Release|Any CPU
		{2D37288D-622A-4B7D-A0DA-A90B812E4A8A}.Release|Any CPU.Build.0 = Release|Any CPU
	EndGlobalSection
	GlobalSection(SolutionProperties) = preSolution
		HideSolutionNode = FALSE
	EndGlobalSection
	GlobalSection(ExtensibilityGlobals) = postSolution
		SolutionGuid = {2D8DE130-6C0D-490F-83D8-FED7C20301EE}
	EndGlobalSection
EndGlobal
